
Microsoft Visual Studio Solution File, Format Version 12.00
# Visual Studio Version 16
VisualStudioVersion = 16.0.30907.101
MinimumVisualStudioVersion = 10.0.40219.1
Project("{FAE04EC0-301F-11D3-BF4B-00C04F79EFBC}") = "06_factorial", "06_factorial\06_factorial.csproj", "{90F5AC58-7F24-40B8-9CDB-A6AB0902CD3A}"
EndProject
Global
	GlobalSection(SolutionConfigurationPlatforms) = preSolution
		Debug|Any CPU = Debug|Any CPU
		Release|Any CPU = Release|Any CPU
	EndGlobalSection
	GlobalSection(ProjectConfigurationPlatforms) = postSolution
		{90F5AC58-7F24-40B8-9CDB-A6AB0902CD3A}.Debug|Any CPU.ActiveCfg = Debug|Any CPU
		{90F5AC58-7F24-40B8-9CDB-A6AB0902CD3A}.Debug|Any CPU.Build.0 = Debug|Any CPU
		{90F5AC58-7F24-40B8-9CDB-A6AB0902CD3A}.Release|Any CPU.ActiveCfg = Release|Any CPU
		{90F5AC58-7F24-40B8-9CDB-A6AB0902CD3A}.Release|Any CPU.Build.0 = Release|Any CPU
	EndGlobalSection
	GlobalSection(SolutionProperties) = preSolution
		HideSolutionNode = FALSE
	EndGlobalSection
	GlobalSection(ExtensibilityGlobals) = postSolution
		SolutionGuid = {998032D2-0600-4F84-A2C3-905F12FAC07E}
	EndGlobalSection
EndGlobal
