
Microsoft Visual Studio Solution File, Format Version 12.00
# Visual Studio Version 16-Yasin
VisualStudioVersion = 16.0.30907.101
MinimumVisualStudioVersion = 10.0.40219.1
Project("{FAE04EC0-301F-11D3-BF4B-00C04F79EFBC}") = "03_PrimeNumber", "03_PrimeNumber\03_PrimeNumber.csproj", "{EF6B32B5-7A31-4AEB-8AFF-85AE821D5BE8}"
EndProject
Global
	GlobalSection(SolutionConfigurationPlatforms) = preSolution
		Debug|Any CPU = Debug|Any CPU
		Release|Any CPU = Release|Any CPU
	EndGlobalSection
	GlobalSection(ProjectConfigurationPlatforms) = postSolution
		{EF6B32B5-7A31-4AEB-8AFF-85AE821D5BE8}.Debug|Any CPU.ActiveCfg = Debug|Any CPU
		{EF6B32B5-7A31-4AEB-8AFF-85AE821D5BE8}.Debug|Any CPU.Build.0 = Debug|Any CPU
		{EF6B32B5-7A31-4AEB-8AFF-85AE821D5BE8}.Release|Any CPU.ActiveCfg = Release|Any CPU
		{EF6B32B5-7A31-4AEB-8AFF-85AE821D5BE8}.Release|Any CPU.Build.0 = Release|Any CPU
	EndGlobalSection
	GlobalSection(SolutionProperties) = preSolution
		HideSolutionNode = FALSE
	EndGlobalSection
	GlobalSection(ExtensibilityGlobals) = postSolution
		SolutionGuid = {77F1C08A-61EA-473A-94F6-1B56C7E75F83}
	EndGlobalSection
EndGlobal
