
Microsoft Visual Studio Solution File, Format Version 12.00
# Visual Studio Version 16
VisualStudioVersion = 16.0.30907.101
MinimumVisualStudioVersion = 10.0.40219.1
Project("{FAE04EC0-301F-11D3-BF4B-00C04F79EFBC}") = "04_Fibanocci_Series", "04_Fibanocci_Series\04_Fibanocci_Series.csproj", "{437B98F3-B91C-409E-8FAC-1D11931A0307}"
EndProject
Global
	GlobalSection(SolutionConfigurationPlatforms) = preSolution
		Debug|Any CPU = Debug|Any CPU
		Release|Any CPU = Release|Any CPU
	EndGlobalSection
	GlobalSection(ProjectConfigurationPlatforms) = postSolution
		{437B98F3-B91C-409E-8FAC-1D11931A0307}.Debug|Any CPU.ActiveCfg = Debug|Any CPU
		{437B98F3-B91C-409E-8FAC-1D11931A0307}.Debug|Any CPU.Build.0 = Debug|Any CPU
		{437B98F3-B91C-409E-8FAC-1D11931A0307}.Release|Any CPU.ActiveCfg = Release|Any CPU
		{437B98F3-B91C-409E-8FAC-1D11931A0307}.Release|Any CPU.Build.0 = Release|Any CPU
	EndGlobalSection
	GlobalSection(SolutionProperties) = preSolution
		HideSolutionNode = FALSE
	EndGlobalSection
	GlobalSection(ExtensibilityGlobals) = postSolution
		SolutionGuid = {A078126C-150E-4282-BE33-473C70126C9D}
	EndGlobalSection
EndGlobal
