
Microsoft Visual Studio Solution File, Format Version 12.00
# Visual Studio Version 16
VisualStudioVersion = 16.0.30907.101
MinimumVisualStudioVersion = 10.0.40219.1
Project("{FAE04EC0-301F-11D3-BF4B-00C04F79EFBC}") = "05_Palindrome_Number", "05_Palindrome_Number\05_Palindrome_Number.csproj", "{DECB4F92-18DD-4B5B-A1D2-2440AFD539E2}"
EndProject
Global
	GlobalSection(SolutionConfigurationPlatforms) = preSolution
		Debug|Any CPU = Debug|Any CPU
		Release|Any CPU = Release|Any CPU
	EndGlobalSection
	GlobalSection(ProjectConfigurationPlatforms) = postSolution
		{DECB4F92-18DD-4B5B-A1D2-2440AFD539E2}.Debug|Any CPU.ActiveCfg = Debug|Any CPU
		{DECB4F92-18DD-4B5B-A1D2-2440AFD539E2}.Debug|Any CPU.Build.0 = Debug|Any CPU
		{DECB4F92-18DD-4B5B-A1D2-2440AFD539E2}.Release|Any CPU.ActiveCfg = Release|Any CPU
		{DECB4F92-18DD-4B5B-A1D2-2440AFD539E2}.Release|Any CPU.Build.0 = Release|Any CPU
	EndGlobalSection
	GlobalSection(SolutionProperties) = preSolution
		HideSolutionNode = FALSE
	EndGlobalSection
	GlobalSection(ExtensibilityGlobals) = postSolution
		SolutionGuid = {511D2CDD-9CB3-472D-BDA9-5D8C9175F7CA}
	EndGlobalSection
EndGlobal
